
Microsoft Visual Studio Solution File, Format Version 12.00
# Visual Studio Version 16
VisualStudioVersion = 16.0.29519.87
MinimumVisualStudioVersion = 10.0.40219.1
Project("{FAE04EC0-301F-11D3-BF4B-00C04F79EFBC}") = "House", "House.csproj", "{B97AE0ED-D917-42AB-960B-08F2C3268703}"
EndProject
Global
	GlobalSection(SolutionConfigurationPlatforms) = preSolution
		Debug|Any CPU = Debug|Any CPU
		Release|Any CPU = Release|Any CPU
	EndGlobalSection
	GlobalSection(ProjectConfigurationPlatforms) = postSolution
		{B97AE0ED-D917-42AB-960B-08F2C3268703}.Debug|Any CPU.ActiveCfg = Debug|Any CPU
		{B97AE0ED-D917-42AB-960B-08F2C3268703}.Debug|Any CPU.Build.0 = Debug|Any CPU
		{B97AE0ED-D917-42AB-960B-08F2C3268703}.Release|Any CPU.ActiveCfg = Release|Any CPU
		{B97AE0ED-D917-42AB-960B-08F2C3268703}.Release|Any CPU.Build.0 = Release|Any CPU
	EndGlobalSection
	GlobalSection(SolutionProperties) = preSolution
		HideSolutionNode = FALSE
	EndGlobalSection
	GlobalSection(ExtensibilityGlobals) = postSolution
		SolutionGuid = {7BD95A71-A3D9-4E4D-ACA1-ACCF583114B2}
	EndGlobalSection
EndGlobal
